
Microsoft Visual Studio Solution File, Format Version 12.00
# Visual Studio Version 17
VisualStudioVersion = 17.5.33502.453
MinimumVisualStudioVersion = 10.0.40219.1
Project("{9A19103F-16F7-4668-BE54-9A1E7A4F7556}") = "LibrarySystem", "LibrarySystem.csproj", "{82AD9492-C96A-407C-A8E7-CCFBB81CCCC5}"
EndProject
Project("{2150E333-8FDC-42A3-9474-1A3956D46DE8}") = "Solution Items", "Solution Items", "{6D05FE90-DC4E-461F-AD54-380E961187D3}"
EndProject
Global
	GlobalSection(SolutionConfigurationPlatforms) = preSolution
		Debug|Any CPU = Debug|Any CPU
		Release|Any CPU = Release|Any CPU
	EndGlobalSection
	GlobalSection(ProjectConfigurationPlatforms) = postSolution
		{82AD9492-C96A-407C-A8E7-CCFBB81CCCC5}.Debug|Any CPU.ActiveCfg = Debug|Any CPU
		{82AD9492-C96A-407C-A8E7-CCFBB81CCCC5}.Debug|Any CPU.Build.0 = Debug|Any CPU
		{82AD9492-C96A-407C-A8E7-CCFBB81CCCC5}.Release|Any CPU.ActiveCfg = Release|Any CPU
		{82AD9492-C96A-407C-A8E7-CCFBB81CCCC5}.Release|Any CPU.Build.0 = Release|Any CPU
	EndGlobalSection
	GlobalSection(SolutionProperties) = preSolution
		HideSolutionNode = FALSE
	EndGlobalSection
	GlobalSection(ExtensibilityGlobals) = postSolution
		SolutionGuid = {C54C60B4-051D-40C0-B918-4A1083F7B4B1}
	EndGlobalSection
EndGlobal
